{
  "name": "linuxgsm",
  "lockfileVersion": 3,
  "requires": true,
  "packages": {
    "": {
      "name": "linuxgsm",
      "license": "MIT",
      "devDependencies": {
        "prettier": "^2.7.1",
        "prettier-plugin-sh": "^0.12.8"
      }
    },
    "node_modules/@pkgr/utils": {
      "version": "2.3.1",
      "resolved": "https://registry.npmjs.org/@pkgr/utils/-/utils-2.3.1.tgz",
      "integrity": "sha512-wfzX8kc1PMyUILA+1Z/EqoE4UCXGy0iRGMhPwdfae1+f0OXlLqCk+By+aMzgJBzR9AzS4CDizioG6Ss1gvAFJw==",
      "dev": true,
      "dependencies": {
        "cross-spawn": "^7.0.3",
        "is-glob": "^4.0.3",
        "open": "^8.4.0",
        "picocolors": "^1.0.0",
        "tiny-glob": "^0.2.9",
        "tslib": "^2.4.0"
      },
      "engines": {
        "node": "^12.20.0 || ^14.18.0 || >=16.0.0"
      },
      "funding": {
        "url": "https://opencollective.com/unts"
      }
    },
    "node_modules/cross-spawn": {
      "version": "7.0.3",
      "resolved": "https://registry.npmjs.org/cross-spawn/-/cross-spawn-7.0.3.tgz",
      "integrity": "sha512-iRDPJKUPVEND7dHPO8rkbOnPpyDygcDFtWjpeWNCgy8WP2rXcxXL8TskReQl6OrB2G7+UJrags1q15Fudc7G6w==",
      "dev": true,
      "dependencies": {
        "path-key": "^3.1.0",
        "shebang-command": "^2.0.0",
        "which": "^2.0.1"
      },
      "engines": {
        "node": ">= 8"
      }
    },
    "node_modules/define-lazy-prop": {
      "version": "2.0.0",
      "resolved": "https://registry.npmjs.org/define-lazy-prop/-/define-lazy-prop-2.0.0.tgz",
      "integrity": "sha512-Ds09qNh8yw3khSjiJjiUInaGX9xlqZDY7JVryGxdxV7NPeuqQfplOpQ66yJFZut3jLa5zOwkXw1g9EI2uKh4Og==",
      "dev": true,
      "engines": {
        "node": ">=8"
      }
    },
    "node_modules/globalyzer": {
      "version": "0.1.0",
      "resolved": "https://registry.npmjs.org/globalyzer/-/globalyzer-0.1.0.tgz",
      "integrity": "sha512-40oNTM9UfG6aBmuKxk/giHn5nQ8RVz/SS4Ir6zgzOv9/qC3kKZ9v4etGTcJbEl/NyVQH7FGU7d+X1egr57Md2Q==",
      "dev": true
    },
    "node_modules/globrex": {
      "version": "0.1.2",
      "resolved": "https://registry.npmjs.org/globrex/-/globrex-0.1.2.tgz",
      "integrity": "sha512-uHJgbwAMwNFf5mLst7IWLNg14x1CkeqglJb/K3doi4dw6q2IvAAmM/Y81kevy83wP+Sst+nutFTYOGg3d1lsxg==",
      "dev": true
    },
    "node_modules/is-docker": {
      "version": "2.2.1",
      "resolved": "https://registry.npmjs.org/is-docker/-/is-docker-2.2.1.tgz",
      "integrity": "sha512-F+i2BKsFrH66iaUFc0woD8sLy8getkwTwtOBjvs56Cx4CgJDeKQeqfz8wAYiSb8JOprWhHH5p77PbmYCvvUuXQ==",
      "dev": true,
      "bin": {
        "is-docker": "cli.js"
      },
      "engines": {
        "node": ">=8"
      },
      "funding": {
        "url": "https://github.com/sponsors/sindresorhus"
      }
    },
    "node_modules/is-extglob": {
      "version": "2.1.1",
      "resolved": "https://registry.npmjs.org/is-extglob/-/is-extglob-2.1.1.tgz",
      "integrity": "sha512-SbKbANkN603Vi4jEZv49LeVJMn4yGwsbzZworEoyEiutsN3nJYdbO36zfhGJ6QEDpOZIFkDtnq5JRxmvl3jsoQ==",
      "dev": true,
      "engines": {
        "node": ">=0.10.0"
      }
    },
    "node_modules/is-glob": {
      "version": "4.0.3",
      "resolved": "https://registry.npmjs.org/is-glob/-/is-glob-4.0.3.tgz",
      "integrity": "sha512-xelSayHH36ZgE7ZWhli7pW34hNbNl8Ojv5KVmkJD4hBdD3th8Tfk9vYasLM+mXWOZhFkgZfxhLSnrwRr4elSSg==",
      "dev": true,
      "dependencies": {
        "is-extglob": "^2.1.1"
      },
      "engines": {
        "node": ">=0.10.0"
      }
    },
    "node_modules/is-wsl": {
      "version": "2.2.0",
      "resolved": "https://registry.npmjs.org/is-wsl/-/is-wsl-2.2.0.tgz",
      "integrity": "sha512-fKzAra0rGJUUBwGBgNkHZuToZcn+TtXHpeCgmkMJMMYx1sQDYaCSyjJBSCa2nH1DGm7s3n1oBnohoVTBaN7Lww==",
      "dev": true,
      "dependencies": {
        "is-docker": "^2.0.0"
      },
      "engines": {
        "node": ">=8"
      }
    },
    "node_modules/isexe": {
      "version": "2.0.0",
      "resolved": "https://registry.npmjs.org/isexe/-/isexe-2.0.0.tgz",
      "integrity": "sha512-RHxMLp9lnKHGHRng9QFhRCMbYAcVpn69smSGcq3f36xjgVVWThj4qqLbTLlq7Ssj8B+fIQ1EuCEGI2lKsyQeIw==",
      "dev": true
    },
    "node_modules/mvdan-sh": {
      "version": "0.10.1",
      "resolved": "https://registry.npmjs.org/mvdan-sh/-/mvdan-sh-0.10.1.tgz",
      "integrity": "sha512-kMbrH0EObaKmK3nVRKUIIya1dpASHIEusM13S4V1ViHFuxuNxCo+arxoa6j/dbV22YBGjl7UKJm9QQKJ2Crzhg==",
      "dev": true
    },
    "node_modules/open": {
      "version": "8.4.1",
      "resolved": "https://registry.npmjs.org/open/-/open-8.4.1.tgz",
      "integrity": "sha512-/4b7qZNhv6Uhd7jjnREh1NjnPxlTq+XNWPG88Ydkj5AILcA5m3ajvcg57pB24EQjKv0dK62XnDqk9c/hkIG5Kg==",
      "dev": true,
      "dependencies": {
        "define-lazy-prop": "^2.0.0",
        "is-docker": "^2.1.1",
        "is-wsl": "^2.2.0"
      },
      "engines": {
        "node": ">=12"
      },
      "funding": {
        "url": "https://github.com/sponsors/sindresorhus"
      }
    },
    "node_modules/path-key": {
      "version": "3.1.1",
      "resolved": "https://registry.npmjs.org/path-key/-/path-key-3.1.1.tgz",
      "integrity": "sha512-ojmeN0qd+y0jszEtoY48r0Peq5dwMEkIlCOu6Q5f41lfkswXuKtYrhgoTpLnyIcHm24Uhqx+5Tqm2InSwLhE6Q==",
      "dev": true,
      "engines": {
        "node": ">=8"
      }
    },
    "node_modules/picocolors": {
      "version": "1.0.0",
      "resolved": "https://registry.npmjs.org/picocolors/-/picocolors-1.0.0.tgz",
      "integrity": "sha512-1fygroTLlHu66zi26VoTDv8yRgm0Fccecssto+MhsZ0D/DGW2sm8E8AjW7NU5VVTRt5GxbeZ5qBuJr+HyLYkjQ==",
      "dev": true
    },
    "node_modules/prettier": {
      "version": "2.8.4",
      "resolved": "https://registry.npmjs.org/prettier/-/prettier-2.8.4.tgz",
      "integrity": "sha512-vIS4Rlc2FNh0BySk3Wkd6xmwxB0FpOndW5fisM5H8hsZSxU2VWVB5CWIkIjWvrHjIhxk2g3bfMKM87zNTrZddw==",
      "dev": true,
      "bin": {
        "prettier": "bin-prettier.js"
      },
      "engines": {
        "node": ">=10.13.0"
      },
      "funding": {
        "url": "https://github.com/prettier/prettier?sponsor=1"
      }
    },
    "node_modules/prettier-plugin-sh": {
      "version": "0.12.8",
      "resolved": "https://registry.npmjs.org/prettier-plugin-sh/-/prettier-plugin-sh-0.12.8.tgz",
      "integrity": "sha512-VOq8h2Gn5UzrCIKm4p/nAScXJbN09HdyFDknAcxt6Qu/tv/juu9bahxSrcnM9XWYA+Spz1F1ANJ4LhfwB7+Q1Q==",
      "dev": true,
      "dependencies": {
        "mvdan-sh": "^0.10.1",
        "sh-syntax": "^0.3.6",
        "synckit": "^0.8.1"
      },
      "engines": {
        "node": "^12.20.0 || ^14.18.0 || >=16.0.0"
      },
      "funding": {
        "url": "https://opencollective.com/unts"
      },
      "peerDependencies": {
        "prettier": "^2.0.0"
      }
    },
    "node_modules/sh-syntax": {
      "version": "0.3.7",
      "resolved": "https://registry.npmjs.org/sh-syntax/-/sh-syntax-0.3.7.tgz",
      "integrity": "sha512-xIB/uRniZ9urxAuXp1Ouh/BKSI1VK8RSqfwGj7cV57HvGrFo3vHdJfv8Tdp/cVcxJgXQTkmHr5mG5rqJW8r4wQ==",
      "dev": true,
      "dependencies": {
        "tslib": "^2.4.0"
      },
      "engines": {
        "node": "^12.20.0 || ^14.18.0 || >=16.0.0"
      },
      "funding": {
        "url": "https://opencollective.com/unts"
      }
    },
    "node_modules/shebang-command": {
      "version": "2.0.0",
      "resolved": "https://registry.npmjs.org/shebang-command/-/shebang-command-2.0.0.tgz",
      "integrity": "sha512-kHxr2zZpYtdmrN1qDjrrX/Z1rR1kG8Dx+gkpK1G4eXmvXswmcE1hTWBWYUzlraYw1/yZp6YuDY77YtvbN0dmDA==",
      "dev": true,
      "dependencies": {
        "shebang-regex": "^3.0.0"
      },
      "engines": {
        "node": ">=8"
      }
    },
    "node_modules/shebang-regex": {
      "version": "3.0.0",
      "resolved": "https://registry.npmjs.org/shebang-regex/-/shebang-regex-3.0.0.tgz",
      "integrity": "sha512-7++dFhtcx3353uBaq8DDR4NuxBetBzC7ZQOhmTQInHEd6bSrXdiEyzCvG07Z44UYdLShWUyXt5M/yhz8ekcb1A==",
      "dev": true,
      "engines": {
        "node": ">=8"
      }
    },
    "node_modules/synckit": {
      "version": "0.8.5",
      "resolved": "https://registry.npmjs.org/synckit/-/synckit-0.8.5.tgz",
      "integrity": "sha512-L1dapNV6vu2s/4Sputv8xGsCdAVlb5nRDMFU/E27D44l5U6cw1g0dGd45uLc+OXjNMmF4ntiMdCimzcjFKQI8Q==",
      "dev": true,
      "dependencies": {
        "@pkgr/utils": "^2.3.1",
        "tslib": "^2.5.0"
      },
      "engines": {
        "node": "^14.18.0 || >=16.0.0"
      },
      "funding": {
        "url": "https://opencollective.com/unts"
      }
    },
    "node_modules/tiny-glob": {
      "version": "0.2.9",
      "resolved": "https://registry.npmjs.org/tiny-glob/-/tiny-glob-0.2.9.tgz",
      "integrity": "sha512-g/55ssRPUjShh+xkfx9UPDXqhckHEsHr4Vd9zX55oSdGZc/MD0m3sferOkwWtp98bv+kcVfEHtRJgBVJzelrzg==",
      "dev": true,
      "dependencies": {
        "globalyzer": "0.1.0",
        "globrex": "^0.1.2"
      }
    },
    "node_modules/tslib": {
      "version": "2.5.0",
      "resolved": "https://registry.npmjs.org/tslib/-/tslib-2.5.0.tgz",
      "integrity": "sha512-336iVw3rtn2BUK7ORdIAHTyxHGRIHVReokCR3XjbckJMK7ms8FysBfhLR8IXnAgy7T0PTPNBWKiH514FOW/WSg==",
      "dev": true
    },
    "node_modules/which": {
      "version": "2.0.2",
      "resolved": "https://registry.npmjs.org/which/-/which-2.0.2.tgz",
      "integrity": "sha512-BLI3Tl1TW3Pvl70l3yq3Y64i+awpwXqsGBYWkkqMtnbXgrMD+yj7rhW0kuEDxzJaYXGjEW5ogapKNMEKNMjibA==",
      "dev": true,
      "dependencies": {
        "isexe": "^2.0.0"
      },
      "bin": {
        "node-which": "bin/node-which"
      },
      "engines": {
        "node": ">= 8"
      }
    }
  }
}
